
Microsoft Visual Studio Solution File, Format Version 12.00
# Visual Studio Version 17
VisualStudioVersion = 17.2.32630.192
MinimumVisualStudioVersion = 10.0.40219.1
Project("{FAE04EC0-301F-11D3-BF4B-00C04F79EFBC}") = "PruebaBJXIT", "PruebaBJXIT\PruebaBJXIT.csproj", "{6EB0858B-DC6F-4C75-9242-9B4B93C0992F}"
EndProject
Global
	GlobalSection(SolutionConfigurationPlatforms) = preSolution
		Debug|Any CPU = Debug|Any CPU
		Release|Any CPU = Release|Any CPU
	EndGlobalSection
	GlobalSection(ProjectConfigurationPlatforms) = postSolution
		{6EB0858B-DC6F-4C75-9242-9B4B93C0992F}.Debug|Any CPU.ActiveCfg = Debug|Any CPU
		{6EB0858B-DC6F-4C75-9242-9B4B93C0992F}.Debug|Any CPU.Build.0 = Debug|Any CPU
		{6EB0858B-DC6F-4C75-9242-9B4B93C0992F}.Release|Any CPU.ActiveCfg = Release|Any CPU
		{6EB0858B-DC6F-4C75-9242-9B4B93C0992F}.Release|Any CPU.Build.0 = Release|Any CPU
	EndGlobalSection
	GlobalSection(SolutionProperties) = preSolution
		HideSolutionNode = FALSE
	EndGlobalSection
	GlobalSection(ExtensibilityGlobals) = postSolution
		SolutionGuid = {EF0F66FF-D5BE-4864-A27A-CD7FB98D2618}
	EndGlobalSection
EndGlobal
